github.com/Binject/debug v0.0.0-20210312092933-6277045c2fdf h1:Cx4YJvjPZD91xiffqJOq8l3j1YKcvx3+8duqq7DX9gY=
github.com/Binject/debug v0.0.0-20210312092933-6277045c2fdf/go.mod h1:QzgxDLY/qdKlvnbnb65eqTedhvQPbaSP2NqIbcuKvsQ=
github.com/Binject/go-donut v0.0.0-20210701074227-67a31e2d883e h1:ytVmxGQuS7ELO/WpvH6iuY1hVcJ6iOTw3VLOOIFlo8o=
github.com/Binject/go-donut v0.0.0-20210701074227-67a31e2d883e/go.mod h1:dc3mUnr4KTKcFKVq7BVbHGF0xAHrIyooQ+VTO7/bIZw=
github.com/akamensky/argparse v1.3.0/go.mod h1:S5kwC7IuDcEr5VeXtGPRVZ5o/FdhcMlQz4IZQuw64xA=
github.com/cpuguy83/go-md2man/v2 v2.0.2 h1:p1EgwI/C7NhT0JmVkwCD2ZBK8j4aeHQX2pMHHBfMQ6w=
github.com/cpuguy83/go-md2man/v2 v2.0.2/go.mod h1:tgQtvFlXSQOSOSIRvRPT7W67SCa46tRHOmNcaadrF8o=
github.com/google/uuid v1.2.0 h1:qJYtXnJRWmpe7m/3XlyhrsLrEURqHRM2kxzoxXqyUDs=
github.com/google/uuid v1.2.0/go.mod h1:TIyPZe4MgqvfeYDBFedMoGGpEw/LqOeaOT+nhxU+yHo=
github.com/russross/blackfriday/v2 v2.1.0 h1:JIOH55/0cWyOuilr9/qlrm0BSXldqnqwMsf35Ld67mk=
github.com/russross/blackfriday/v2 v2.1.0/go.mod h1:+Rmxgy9KzJVeS9/2gXHxylqXiyQDYRxCVz55jmeOWTM=
github.com/urfave/cli/v2 v2.14.1 h1:0Sx+C9404t2+DPuIJ3UpZFOEFhNG3wPxMj7uZHyZKFA=
github.com/urfave/cli/v2 v2.14.1/go.mod h1:1CNUng3PtjQMtRzJO4FMXBQvkGtuYRxxiR9xMa7jMwI=
github.com/xrash/smetrics v0.0.0-20201216005158-039620a65673 h1:bAn7/zixMGCfxrRTfdpNzjtPYqr8smhKouy9mxVdGPU=
github.com/xrash/smetrics v0.0.0-20201216005158-039620a65673/go.mod h1:N3UwUGtsrSj3ccvlPHLoLsHnpR27oXr4ZE984MbSER8=
